
Microsoft Visual Studio Solution File, Format Version 12.00
# Visual Studio Version 16
VisualStudioVersion = 16.0.30517.126
MinimumVisualStudioVersion = 10.0.40219.1
Project("{FAE04EC0-301F-11D3-BF4B-00C04F79EFBC}") = "ExcelLinkRemover", "ExcelLinkRemover\ExcelLinkRemover.csproj", "{F4C6B4EA-F083-4EBA-9218-4F1EB43B77A1}"
EndProject
Global
	GlobalSection(SolutionConfigurationPlatforms) = preSolution
		Debug|Any CPU = Debug|Any CPU
		Release|Any CPU = Release|Any CPU
	EndGlobalSection
	GlobalSection(ProjectConfigurationPlatforms) = postSolution
		{F4C6B4EA-F083-4EBA-9218-4F1EB43B77A1}.Debug|Any CPU.ActiveCfg = Debug|Any CPU
		{F4C6B4EA-F083-4EBA-9218-4F1EB43B77A1}.Debug|Any CPU.Build.0 = Debug|Any CPU
		{F4C6B4EA-F083-4EBA-9218-4F1EB43B77A1}.Release|Any CPU.ActiveCfg = Release|Any CPU
		{F4C6B4EA-F083-4EBA-9218-4F1EB43B77A1}.Release|Any CPU.Build.0 = Release|Any CPU
	EndGlobalSection
	GlobalSection(SolutionProperties) = preSolution
		HideSolutionNode = FALSE
	EndGlobalSection
	GlobalSection(ExtensibilityGlobals) = postSolution
		SolutionGuid = {197FD9B4-7389-4725-97B6-3D2401D3648C}
	EndGlobalSection
EndGlobal
